
Microsoft Visual Studio Solution File, Format Version 12.00
# Visual Studio Version 16
VisualStudioVersion = 16.0.32510.428
MinimumVisualStudioVersion = 10.0.40219.1
Project("{8BC9CEB8-8B4A-11D0-8D11-00A0C91BC942}") = "UAV_pier_error_estimator", "UAV_pier_error_estimator\UAV_pier_error_estimator.vcxproj", "{1BA65A21-DFA5-4C13-84E0-D9B4B9C5FE43}"
EndProject
Global
	GlobalSection(SolutionConfigurationPlatforms) = preSolution
		Debug|x64 = Debug|x64
		Debug|x86 = Debug|x86
		Release|x64 = Release|x64
		Release|x86 = Release|x86
	EndGlobalSection
	GlobalSection(ProjectConfigurationPlatforms) = postSolution
		{1BA65A21-DFA5-4C13-84E0-D9B4B9C5FE43}.Debug|x64.ActiveCfg = Debug|x64
		{1BA65A21-DFA5-4C13-84E0-D9B4B9C5FE43}.Debug|x64.Build.0 = Debug|x64
		{1BA65A21-DFA5-4C13-84E0-D9B4B9C5FE43}.Debug|x86.ActiveCfg = Debug|Win32
		{1BA65A21-DFA5-4C13-84E0-D9B4B9C5FE43}.Debug|x86.Build.0 = Debug|Win32
		{1BA65A21-DFA5-4C13-84E0-D9B4B9C5FE43}.Release|x64.ActiveCfg = Release|x64
		{1BA65A21-DFA5-4C13-84E0-D9B4B9C5FE43}.Release|x64.Build.0 = Release|x64
		{1BA65A21-DFA5-4C13-84E0-D9B4B9C5FE43}.Release|x86.ActiveCfg = Release|Win32
		{1BA65A21-DFA5-4C13-84E0-D9B4B9C5FE43}.Release|x86.Build.0 = Release|Win32
	EndGlobalSection
	GlobalSection(SolutionProperties) = preSolution
		HideSolutionNode = FALSE
	EndGlobalSection
	GlobalSection(ExtensibilityGlobals) = postSolution
		SolutionGuid = {4E6D7F9A-896A-44E7-B42C-46026598B0DB}
	EndGlobalSection
EndGlobal
